// !$*UTF8*$!
{
	archiveVersion = 1;
	classes = {
	};
	objectVersion = 50;
	objects = {

/* Begin PBXBuildFile section */
		3E40241222766A5D0080C860 /* Meme.swift in Sources */ = {isa = PBXBuildFile; fileRef = 3E40241122766A5D0080C860 /* Meme.swift */; };
		3E4024142278E5820080C860 /* TableViewController.swift in Sources */ = {isa = PBXBuildFile; fileRef = 3E4024132278E5820080C860 /* TableViewController.swift */; };
		3E4024162278F2EF0080C860 /* MemeImageViewController.swift in Sources */ = {isa = PBXBuildFile; fileRef = 3E4024152278F2EF0080C860 /* MemeImageViewController.swift */; };
		3E4024182278F45B0080C860 /* CollectionViewController.swift in Sources */ = {isa = PBXBuildFile; fileRef = 3E4024172278F45B0080C860 /* CollectionViewController.swift */; };
		3E406D15225BB631001EB198 /* AppDelegate.swift in Sources */ = {isa = PBXBuildFile; fileRef = 3E406D14225BB631001EB198 /* AppDelegate.swift */; };
		3E406D17225BB631001EB198 /* EditorViewController.swift in Sources */ = {isa = PBXBuildFile; fileRef = 3E406D16225BB631001EB198 /* EditorViewController.swift */; };
		3E406D1A225BB631001EB198 /* Main.storyboard in Resources */ = {isa = PBXBuildFile; fileRef = 3E406D18225BB631001EB198 /* Main.storyboard */; };
		3E406D1C225BB632001EB198 /* Assets.xcassets in Resources */ = {isa = PBXBuildFile; fileRef = 3E406D1B225BB632001EB198 /* Assets.xcassets */; };
		3E406D1F225BB632001EB198 /* LaunchScreen.storyboard in Resources */ = {isa = PBXBuildFile; fileRef = 3E406D1D225BB632001EB198 /* LaunchScreen.storyboard */; };
		3E92393A227909A200D277DF /* CollectionViewControllerCell.swift in Sources */ = {isa = PBXBuildFile; fileRef = 3E923939227909A200D277DF /* CollectionViewControllerCell.swift */; };
/* End PBXBuildFile section */

/* Begin PBXFileReference section */
		3E40241122766A5D0080C860 /* Meme.swift */ = {isa = PBXFileReference; lastKnownFileType = sourcecode.swift; name = Meme.swift; path = ../Meme.swift; sourceTree = "<group>"; };
		3E4024132278E5820080C860 /* TableViewController.swift */ = {isa = PBXFileReference; lastKnownFileType = sourcecode.swift; name = TableViewController.swift; path = ../TableViewController.swift; sourceTree = "<group>"; };
		3E4024152278F2EF0080C860 /* MemeImageViewController.swift */ = {isa = PBXFileReference; lastKnownFileType = sourcecode.swift; path = MemeImageViewController.swift; sourceTree = "<group>"; };
		3E4024172278F45B0080C860 /* CollectionViewController.swift */ = {isa = PBXFileReference; lastKnownFileType = sourcecode.swift; path = CollectionViewController.swift; sourceTree = "<group>"; };
		3E406D11225BB631001EB198 /* Meme1.0.app */ = {isa = PBXFileReference; explicitFileType = wrapper.application; includeInIndex = 0; path = Meme1.0.app; sourceTree = BUILT_PRODUCTS_DIR; };
		3E406D14225BB631001EB198 /* AppDelegate.swift */ = {isa = PBXFileReference; lastKnownFileType = sourcecode.swift; path = AppDelegate.swift; sourceTree = "<group>"; };
		3E406D16225BB631001EB198 /* EditorViewController.swift */ = {isa = PBXFileReference; lastKnownFileType = sourcecode.swift; path = EditorViewController.swift; sourceTree = "<group>"; };
		3E406D19225BB631001EB198 /* Base */ = {isa = PBXFileReference; lastKnownFileType = file.storyboard; name = Base; path = Base.lproj/Main.storyboard; sourceTree = "<group>"; };
		3E406D1B225BB632001EB198 /* Assets.xcassets */ = {isa = PBXFileReference; lastKnownFileType = folder.assetcatalog; path = Assets.xcassets; sourceTree = "<group>"; };
		3E406D1E225BB632001EB198 /* Base */ = {isa = PBXFileReference; lastKnownFileType = file.storyboard; name = Base; path = Base.lproj/LaunchScreen.storyboard; sourceTree = "<group>"; };
		3E406D20225BB632001EB198 /* Info.plist */ = {isa = PBXFileReference; lastKnownFileType = text.plist.xml; path = Info.plist; sourceTree = "<group>"; };
		3E923939227909A200D277DF /* CollectionViewControllerCell.swift */ = {isa = PBXFileReference; lastKnownFileType = sourcecode.swift; name = CollectionViewControllerCell.swift; path = ../CollectionViewControllerCell.swift; sourceTree = "<group>"; };
/* End PBXFileReference section */

/* Begin PBXFrameworksBuildPhase section */
		3E406D0E225BB631001EB198 /* Frameworks */ = {
			isa = PBXFrameworksBuildPhase;
			buildActionMask = 2147483647;
			files = (
			);
			runOnlyForDeploymentPostprocessing = 0;
		};
/* End PBXFrameworksBuildPhase section */

/* Begin PBXGroup section */
		3E406D08225BB631001EB198 = {
			isa = PBXGroup;
			children = (
				3E406D13225BB631001EB198 /* Meme1.0 */,
				3E406D12225BB631001EB198 /* Products */,
			);
			sourceTree = "<group>";
		};
		3E406D12225BB631001EB198 /* Products */ = {
			isa = PBXGroup;
			children = (
				3E406D11225BB631001EB198 /* Meme1.0.app */,
			);
			name = Products;
			sourceTree = "<group>";
		};
		3E406D13225BB631001EB198 /* Meme1.0 */ = {
			isa = PBXGroup;
			children = (
				3E406D14225BB631001EB198 /* AppDelegate.swift */,
				3E40241122766A5D0080C860 /* Meme.swift */,
				3E4024132278E5820080C860 /* TableViewController.swift */,
				3E4024152278F2EF0080C860 /* MemeImageViewController.swift */,
				3E4024172278F45B0080C860 /* CollectionViewController.swift */,
				3E923939227909A200D277DF /* CollectionViewControllerCell.swift */,
				3E406D16225BB631001EB198 /* EditorViewController.swift */,
				3E406D18225BB631001EB198 /* Main.storyboard */,
				3E406D1B225BB632001EB198 /* Assets.xcassets */,
				3E406D1D225BB632001EB198 /* LaunchScreen.storyboard */,
				3E406D20225BB632001EB198 /* Info.plist */,
			);
			path = Meme1.0;
			sourceTree = "<group>";
		};
/* End PBXGroup section */

/* Begin PBXNativeTarget section */
		3E406D10225BB631001EB198 /* Meme1.0 */ = {
			isa = PBXNativeTarget;
			buildConfigurationList = 3E406D23225BB632001EB198 /* Build configuration list for PBXNativeTarget "Meme1.0" */;
			buildPhases = (
				3E406D0D225BB631001EB198 /* Sources */,
				3E406D0E225BB631001EB198 /* Frameworks */,
				3E406D0F225BB631001EB198 /* Resources */,
			);
			buildRules = (
			);
			dependencies = (
			);
			name = Meme1.0;
			productName = Meme1.0;
			productReference = 3E406D11225BB631001EB198 /* Meme1.0.app */;
			productType = "com.apple.product-type.application";
		};
/* End PBXNativeTarget section */

/* Begin PBXProject section */
		3E406D09225BB631001EB198 /* Project object */ = {
			isa = PBXProject;
			attributes = {
				LastSwiftUpdateCheck = 1010;
				LastUpgradeCheck = 1010;
				ORGANIZATIONNAME = Udacity;
				TargetAttributes = {
					3E406D10225BB631001EB198 = {
						CreatedOnToolsVersion = 10.1;
					};
				};
			};
			buildConfigurationList = 3E406D0C225BB631001EB198 /* Build configuration list for PBXProject "Meme1.0" */;
			compatibilityVersion = "Xcode 9.3";
			developmentRegion = en;
			hasScannedForEncodings = 0;
			knownRegions = (
				en,
				Base,
			);
			mainGroup = 3E406D08225BB631001EB198;
			productRefGroup = 3E406D12225BB631001EB198 /* Products */;
			projectDirPath = "";
			projectRoot = "";
			targets = (
				3E406D10225BB631001EB198 /* Meme1.0 */,
			);
		};
/* End PBXProject section */

/* Begin PBXResourcesBuildPhase section */
		3E406D0F225BB631001EB198 /* Resources */ = {
			isa = PBXResourcesBuildPhase;
			buildActionMask = 2147483647;
			files = (
				3E406D1F225BB632001EB198 /* LaunchScreen.storyboard in Resources */,
				3E406D1C225BB632001EB198 /* Assets.xcassets in Resources */,
				3E406D1A225BB631001EB198 /* Main.storyboard in Resources */,
			);
			runOnlyForDeploymentPostprocessing = 0;
		};
/* End PBXResourcesBuildPhase section */

/* Begin PBXSourcesBuildPhase section */
		3E406D0D225BB631001EB198 /* Sources */ = {
			isa = PBXSourcesBuildPhase;
			buildActionMask = 2147483647;
			files = (
				3E92393A227909A200D277DF /* CollectionViewControllerCell.swift in Sources */,
				3E4024182278F45B0080C860 /* CollectionViewController.swift in Sources */,
				3E406D17225BB631001EB198 /* EditorViewController.swift in Sources */,
				3E40241222766A5D0080C860 /* Meme.swift in Sources */,
				3E406D15225BB631001EB198 /* AppDelegate.swift in Sources */,
				3E4024162278F2EF0080C860 /* MemeImageViewController.swift in Sources */,
				3E4024142278E5820080C860 /* TableViewController.swift in Sources */,
			);
			runOnlyForDeploymentPostprocessing = 0;
		};
/* End PBXSourcesBuildPhase section */

/* Begin PBXVariantGroup section */
		3E406D18225BB631001EB198 /* Main.storyboard */ = {
			isa = PBXVariantGroup;
			children = (
				3E406D19225BB631001EB198 /* Base */,
			);
			name = Main.storyboard;
			sourceTree = "<group>";
		};
		3E406D1D225BB632001EB198 /* LaunchScreen.storyboard */ = {
			isa = PBXVariantGroup;
			children = (
				3E406D1E225BB632001EB198 /* Base */,
			);
			name = LaunchScreen.storyboard;
			sourceTree = "<group>";
		};
/* End PBXVariantGroup section */

/* Begin XCBuildConfiguration section */
		3E406D21225BB632001EB198 /* Debug */ = {
			isa = XCBuildConfiguration;
			buildSettings = {
				ALWAYS_SEARCH_USER_PATHS = NO;
				CLANG_ANALYZER_NONNULL = YES;
				CLANG_ANALYZER_NUMBER_OBJECT_CONVERSION = YES_AGGRESSIVE;
				CLANG_CXX_LANGUAGE_STANDARD = "gnu++14";
				CLANG_CXX_LIBRARY = "libc++";
				CLANG_ENABLE_MODULES = YES;
				CLANG_ENABLE_OBJC_ARC = YES;
				CLANG_ENABLE_OBJC_WEAK = YES;
				CLANG_WARN_BLOCK_CAPTURE_AUTORELEASING = YES;
				CLANG_WARN_BOOL_CONVERSION = YES;
				CLANG_WARN_COMMA = YES;
				CLANG_WARN_CONSTANT_CONVERSION = YES;
				CLANG_WARN_DEPRECATED_OBJC_IMPLEMENTATIONS = YES;
				CLANG_WARN_DIRECT_OBJC_ISA_USAGE = YES_ERROR;
				CLANG_WARN_DOCUMENTATION_COMMENTS = YES;
				CLANG_WARN_EMPTY_BODY = YES;
				CLANG_WARN_ENUM_CONVERSION = YES;
				CLANG_WARN_INFINITE_RECURSION = YES;
				CLANG_WARN_INT_CONVERSION = YES;
				CLANG_WARN_NON_LITERAL_NULL_CONVERSION = YES;
				CLANG_WARN_OBJC_IMPLICIT_RETAIN_SELF = YES;
				CLANG_WARN_OBJC_LITERAL_CONVERSION = YES;
				CLANG_WARN_OBJC_ROOT_CLASS = YES_ERROR;
				CLANG_WARN_RANGE_LOOP_ANALYSIS = YES;
				CLANG_WARN_STRICT_PROTOTYPES = YES;
				CLANG_WARN_SUSPICIOUS_MOVE = YES;
				CLANG_WARN_UNGUARDED_AVAILABILITY = YES_AGGRESSIVE;
				CLANG_WARN_UNREACHABLE_CODE = YES;
				CLANG_WARN__DUPLICATE_METHOD_MATCH = YES;
				CODE_SIGN_IDENTITY = "iPhone Developer";
				COPY_PHASE_STRIP = NO;
				DEBUG_INFORMATION_FORMAT = dwarf;
				ENABLE_STRICT_OBJC_MSGSEND = YES;
				ENABLE_TESTABILITY = YES;
				GCC_C_LANGUAGE_STANDARD = gnu11;
				GCC_DYNAMIC_NO_PIC = NO;
				GCC_NO_COMMON_BLOCKS = YES;
				GCC_OPTIMIZATION_LEVEL = 0;
				GCC_PREPROCESSOR_DEFINITIONS = (
					"DEBUG=1",
					"$(inherited)",
				);
				GCC_WARN_64_TO_32_BIT_CONVERSION = YES;
				GCC_WARN_ABOUT_RETURN_TYPE = YES_ERROR;
				GCC_WARN_UNDECLARED_SELECTOR = YES;
				GCC_WARN_UNINITIALIZED_AUTOS = YES_AGGRESSIVE;
				GCC_WARN_UNUSED_FUNCTION = YES;
				GCC_WARN_UNUSED_VARIABLE = YES;
				IPHONEOS_DEPLOYMENT_TARGET = 12.1;
				MTL_ENABLE_DEBUG_INFO = INCLUDE_SOURCE;
				MTL_FAST_MATH = YES;
				ONLY_ACTIVE_ARCH = YES;
				SDKROOT = iphoneos;
				SWIFT_ACTIVE_COMPILATION_CONDITIONS = DEBUG;
				SWIFT_OPTIMIZATION_LEVEL = "-Onone";
			};
			name = Debug;
		};
		3E406D22225BB632001EB198 /* Release */ = {
			isa = XCBuildConfiguration;
			buildSettings = {
				ALWAYS_SEARCH_USER_PATHS = NO;
				CLANG_ANALYZER_NONNULL = YES;
				CLANG_ANALYZER_NUMBER_OBJECT_CONVERSION = YES_AGGRESSIVE;
				CLANG_CXX_LANGUAGE_STANDARD = "gnu++14";
				CLANG_CXX_LIBRARY = "libc++";
				CLANG_ENABLE_MODULES = YES;
				CLANG_ENABLE_OBJC_ARC = YES;
				CLANG_ENABLE_OBJC_WEAK = YES;
				CLANG_WARN_BLOCK_CAPTURE_AUTORELEASING = YES;
				CLANG_WARN_BOOL_CONVERSION = YES;
				CLANG_WARN_COMMA = YES;
				CLANG_WARN_CONSTANT_CONVERSION = YES;
				CLANG_WARN_DEPRECATED_OBJC_IMPLEMENTATIONS = YES;
				CLANG_WARN_DIRECT_OBJC_ISA_USAGE = YES_ERROR;
				CLANG_WARN_DOCUMENTATION_COMMENTS = YES;
				CLANG_WARN_EMPTY_BODY = YES;
				CLANG_WARN_ENUM_CONVERSION = YES;
				CLANG_WARN_INFINITE_RECURSION = YES;
				CLANG_WARN_INT_CONVERSION = YES;
				CLANG_WARN_NON_LITERAL_NULL_CONVERSION = YES;
				CLANG_WARN_OBJC_IMPLICIT_RETAIN_SELF = YES;
				CLANG_WARN_OBJC_LITERAL_CONVERSION = YES;
				CLANG_WARN_OBJC_ROOT_CLASS = YES_ERROR;
				CLANG_WARN_RANGE_LOOP_ANALYSIS = YES;
				CLANG_WARN_STRICT_PROTOTYPES = YES;
				CLANG_WARN_SUSPICIOUS_MOVE = YES;
				CLANG_WARN_UNGUARDED_AVAILABILITY = YES_AGGRESSIVE;
				CLANG_WARN_UNREACHABLE_CODE = YES;
				CLANG_WARN__DUPLICATE_METHOD_MATCH = YES;
				CODE_SIGN_IDENTITY = "iPhone Developer";
				COPY_PHASE_STRIP = NO;
				DEBUG_INFORMATION_FORMAT = "dwarf-with-dsym";
				ENABLE_NS_ASSERTIONS = NO;
				ENABLE_STRICT_OBJC_MSGSEND = YES;
				GCC_C_LANGUAGE_STANDARD = gnu11;
				GCC_NO_COMMON_BLOCKS = YES;
				GCC_WARN_64_TO_32_BIT_CONVERSION = YES;
				GCC_WARN_ABOUT_RETURN_TYPE = YES_ERROR;
				GCC_WARN_UNDECLARED_SELECTOR = YES;
				GCC_WARN_UNINITIALIZED_AUTOS = YES_AGGRESSIVE;
				GCC_WARN_UNUSED_FUNCTION = YES;
				GCC_WARN_UNUSED_VARIABLE = YES;
				IPHONEOS_DEPLOYMENT_TARGET = 12.1;
				MTL_ENABLE_DEBUG_INFO = NO;
				MTL_FAST_MATH = YES;
				SDKROOT = iphoneos;
				SWIFT_COMPILATION_MODE = wholemodule;
				SWIFT_OPTIMIZATION_LEVEL = "-O";
				VALIDATE_PRODUCT = YES;
			};
			name = Release;
		};
		3E406D24225BB632001EB198 /* Debug */ = {
			isa = XCBuildConfiguration;
			buildSettings = {
				ASSETCATALOG_COMPILER_APPICON_NAME = AppIcon;
				CODE_SIGN_STYLE = Automatic;
				INFOPLIST_FILE = Meme1.0/Info.plist;
				LD_RUNPATH_SEARCH_PATHS = (
					"$(inherited)",
					"@executable_path/Frameworks",
				);
				PRODUCT_BUNDLE_IDENTIFIER = com.yasir.Meme1.0;
				PRODUCT_NAME = "$(TARGET_NAME)";
				SWIFT_VERSION = 4.2;
				TARGETED_DEVICE_FAMILY = "1,2";
			};
			name = Debug;
		};
		3E406D25225BB632001EB198 /* Release */ = {
			isa = XCBuildConfiguration;
			buildSettings = {
				ASSETCATALOG_COMPILER_APPICON_NAME = AppIcon;
				CODE_SIGN_STYLE = Automatic;
				INFOPLIST_FILE = Meme1.0/Info.plist;
				LD_RUNPATH_SEARCH_PATHS = (
					"$(inherited)",
					"@executable_path/Frameworks",
				);
				PRODUCT_BUNDLE_IDENTIFIER = com.yasir.Meme1.0;
				PRODUCT_NAME = "$(TARGET_NAME)";
				SWIFT_VERSION = 4.2;
				TARGETED_DEVICE_FAMILY = "1,2";
			};
			name = Release;
		};
/* End XCBuildConfiguration section */

/* Begin XCConfigurationList section */
		3E406D0C225BB631001EB198 /* Build configuration list for PBXProject "Meme1.0" */ = {
			isa = XCConfigurationList;
			buildConfigurations = (
				3E406D21225BB632001EB198 /* Debug */,
				3E406D22225BB632001EB198 /* Release */,
			);
			defaultConfigurationIsVisible = 0;
			defaultConfigurationName = Release;
		};
		3E406D23225BB632001EB198 /* Build configuration list for PBXNativeTarget "Meme1.0" */ = {
			isa = XCConfigurationList;
			buildConfigurations = (
				3E406D24225BB632001EB198 /* Debug */,
				3E406D25225BB632001EB198 /* Release */,
			);
			defaultConfigurationIsVisible = 0;
			defaultConfigurationName = Release;
		};
/* End XCConfigurationList section */
	};
	rootObject = 3E406D09225BB631001EB198 /* Project object */;
}
